
Microsoft Visual Studio Solution File, Format Version 12.00
# Visual Studio Version 16
VisualStudioVersion = 16.0.30717.126
MinimumVisualStudioVersion = 10.0.40219.1
Project("{9A19103F-16F7-4668-BE54-9A1E7A4F7556}") = "Estudo", "Estudo\Estudo.csproj", "{A1B94C96-3716-44F3-8408-57B83A5638E2}"
EndProject
Project("{FAE04EC0-301F-11D3-BF4B-00C04F79EFBC}") = "POO", "POO\POO.csproj", "{2B8920ED-3DA9-4A21-A6DD-C11D9662FE60}"
EndProject
Global
	GlobalSection(SolutionConfigurationPlatforms) = preSolution
		Debug|Any CPU = Debug|Any CPU
		Release|Any CPU = Release|Any CPU
	EndGlobalSection
	GlobalSection(ProjectConfigurationPlatforms) = postSolution
		{A1B94C96-3716-44F3-8408-57B83A5638E2}.Debug|Any CPU.ActiveCfg = Debug|Any CPU
		{A1B94C96-3716-44F3-8408-57B83A5638E2}.Debug|Any CPU.Build.0 = Debug|Any CPU
		{A1B94C96-3716-44F3-8408-57B83A5638E2}.Release|Any CPU.ActiveCfg = Release|Any CPU
		{A1B94C96-3716-44F3-8408-57B83A5638E2}.Release|Any CPU.Build.0 = Release|Any CPU
		{2B8920ED-3DA9-4A21-A6DD-C11D9662FE60}.Debug|Any CPU.ActiveCfg = Debug|Any CPU
		{2B8920ED-3DA9-4A21-A6DD-C11D9662FE60}.Debug|Any CPU.Build.0 = Debug|Any CPU
		{2B8920ED-3DA9-4A21-A6DD-C11D9662FE60}.Release|Any CPU.ActiveCfg = Release|Any CPU
		{2B8920ED-3DA9-4A21-A6DD-C11D9662FE60}.Release|Any CPU.Build.0 = Release|Any CPU
	EndGlobalSection
	GlobalSection(SolutionProperties) = preSolution
		HideSolutionNode = FALSE
	EndGlobalSection
	GlobalSection(ExtensibilityGlobals) = postSolution
		SolutionGuid = {0B71344D-B632-4311-B9DD-87CD6EA513C3}
	EndGlobalSection
EndGlobal
